
Microsoft Visual Studio Solution File, Format Version 12.00
# Visual Studio Version 17
VisualStudioVersion = 17.4.33122.133
MinimumVisualStudioVersion = 10.0.40219.1
Project("{FAE04EC0-301F-11D3-BF4B-00C04F79EFBC}") = "SecretsSharing", "SecretsSharing\SecretsSharing.csproj", "{03380F56-0E29-4FDF-BED9-BBA70FB3FFDB}"
EndProject
Global
	GlobalSection(SolutionConfigurationPlatforms) = preSolution
		Debug|Any CPU = Debug|Any CPU
		Release|Any CPU = Release|Any CPU
	EndGlobalSection
	GlobalSection(ProjectConfigurationPlatforms) = postSolution
		{03380F56-0E29-4FDF-BED9-BBA70FB3FFDB}.Debug|Any CPU.ActiveCfg = Debug|Any CPU
		{03380F56-0E29-4FDF-BED9-BBA70FB3FFDB}.Debug|Any CPU.Build.0 = Debug|Any CPU
		{03380F56-0E29-4FDF-BED9-BBA70FB3FFDB}.Release|Any CPU.ActiveCfg = Release|Any CPU
		{03380F56-0E29-4FDF-BED9-BBA70FB3FFDB}.Release|Any CPU.Build.0 = Release|Any CPU
	EndGlobalSection
	GlobalSection(SolutionProperties) = preSolution
		HideSolutionNode = FALSE
	EndGlobalSection
	GlobalSection(ExtensibilityGlobals) = postSolution
		SolutionGuid = {F4BC69D8-AD05-4FA0-8BEF-ABDE5A660A79}
	EndGlobalSection
EndGlobal
